
Microsoft Visual Studio Solution File, Format Version 12.00
# Visual Studio Version 17
VisualStudioVersion = 17.14.36310.24
MinimumVisualStudioVersion = 10.0.40219.1
Project("{2150E333-8FDC-42A3-9474-1A3956D46DE8}") = "Solution Items", "Solution Items", "{8EC462FD-D22E-90A8-E5CE-7E832BA40C5D}"
	ProjectSection(SolutionItems) = preProject
		.gitignore = .gitignore
	EndProjectSection
EndProject
Project("{FAE04EC0-301F-11D3-BF4B-00C04F79EFBC}") = "AustCseApp", "src\AustCseApp\AustCseApp.csproj", "{BCA2F8B7-DB65-735F-51EB-48945B65C4C5}"
EndProject
Project("{FAE04EC0-301F-11D3-BF4B-00C04F79EFBC}") = "AustCseApp.Data", "AustCseApp.Data\AustCseApp.Data.csproj", "{DEF39ED9-8092-43EA-8494-9CC598BCFE58}"
EndProject
Global
	GlobalSection(SolutionConfigurationPlatforms) = preSolution
		Debug|Any CPU = Debug|Any CPU
		Release|Any CPU = Release|Any CPU
	EndGlobalSection
	GlobalSection(ProjectConfigurationPlatforms) = postSolution
		{BCA2F8B7-DB65-735F-51EB-48945B65C4C5}.Debug|Any CPU.ActiveCfg = Debug|Any CPU
		{BCA2F8B7-DB65-735F-51EB-48945B65C4C5}.Debug|Any CPU.Build.0 = Debug|Any CPU
		{BCA2F8B7-DB65-735F-51EB-48945B65C4C5}.Release|Any CPU.ActiveCfg = Release|Any CPU
		{BCA2F8B7-DB65-735F-51EB-48945B65C4C5}.Release|Any CPU.Build.0 = Release|Any CPU
		{DEF39ED9-8092-43EA-8494-9CC598BCFE58}.Debug|Any CPU.ActiveCfg = Debug|Any CPU
		{DEF39ED9-8092-43EA-8494-9CC598BCFE58}.Debug|Any CPU.Build.0 = Debug|Any CPU
		{DEF39ED9-8092-43EA-8494-9CC598BCFE58}.Release|Any CPU.ActiveCfg = Release|Any CPU
		{DEF39ED9-8092-43EA-8494-9CC598BCFE58}.Release|Any CPU.Build.0 = Release|Any CPU
	EndGlobalSection
	GlobalSection(SolutionProperties) = preSolution
		HideSolutionNode = FALSE
	EndGlobalSection
	GlobalSection(ExtensibilityGlobals) = postSolution
		SolutionGuid = {F6F7565D-914E-414C-9558-392EDFC6F275}
	EndGlobalSection
EndGlobal
